
Microsoft Visual Studio Solution File, Format Version 12.00
# Visual Studio Version 17
VisualStudioVersion = 17.10.35004.147
MinimumVisualStudioVersion = 10.0.40219.1
Project("{FAE04EC0-301F-11D3-BF4B-00C04F79EFBC}") = "CodingTracker2", "CodingTracker2\CodingTracker2.csproj", "{11D5B600-3CD5-4534-A4DB-EE716E6A48D4}"
EndProject
Global
	GlobalSection(SolutionConfigurationPlatforms) = preSolution
		Debug|Any CPU = Debug|Any CPU
		Release|Any CPU = Release|Any CPU
	EndGlobalSection
	GlobalSection(ProjectConfigurationPlatforms) = postSolution
		{11D5B600-3CD5-4534-A4DB-EE716E6A48D4}.Debug|Any CPU.ActiveCfg = Debug|Any CPU
		{11D5B600-3CD5-4534-A4DB-EE716E6A48D4}.Debug|Any CPU.Build.0 = Debug|Any CPU
		{11D5B600-3CD5-4534-A4DB-EE716E6A48D4}.Release|Any CPU.ActiveCfg = Release|Any CPU
		{11D5B600-3CD5-4534-A4DB-EE716E6A48D4}.Release|Any CPU.Build.0 = Release|Any CPU
	EndGlobalSection
	GlobalSection(SolutionProperties) = preSolution
		HideSolutionNode = FALSE
	EndGlobalSection
	GlobalSection(ExtensibilityGlobals) = postSolution
		SolutionGuid = {D2B6D3D6-AA31-46FE-987D-3C90BAE44E6E}
	EndGlobalSection
EndGlobal
